// !$*UTF8*$!
{
	archiveVersion = 1;
	classes = {
	};
	objectVersion = 55;
	objects = {

/* Begin PBXBuildFile section */
		FD2C88392734A6DC00279390 /* AwaitingWebSocketsApp.swift in Sources */ = {isa = PBXBuildFile; fileRef = FD2C88382734A6DC00279390 /* AwaitingWebSocketsApp.swift */; };
		FD2C883B2734A6DC00279390 /* ContentView.swift in Sources */ = {isa = PBXBuildFile; fileRef = FD2C883A2734A6DC00279390 /* ContentView.swift */; };
		FD2C883D2734A6DE00279390 /* Assets.xcassets in Resources */ = {isa = PBXBuildFile; fileRef = FD2C883C2734A6DE00279390 /* Assets.xcassets */; };
		FD2C88402734A6DE00279390 /* Preview Assets.xcassets in Resources */ = {isa = PBXBuildFile; fileRef = FD2C883F2734A6DE00279390 /* Preview Assets.xcassets */; };
		FD2C88482734A7A000279390 /* WebSocketStream.swift in Sources */ = {isa = PBXBuildFile; fileRef = FD2C88472734A7A000279390 /* WebSocketStream.swift */; };
		FD2C884A2734BB7600279390 /* Models.swift in Sources */ = {isa = PBXBuildFile; fileRef = FD2C88492734BB7600279390 /* Models.swift */; };
/* End PBXBuildFile section */

/* Begin PBXFileReference section */
		FD2C88352734A6DC00279390 /* AwaitingWebSockets.app */ = {isa = PBXFileReference; explicitFileType = wrapper.application; includeInIndex = 0; path = AwaitingWebSockets.app; sourceTree = BUILT_PRODUCTS_DIR; };
		FD2C88382734A6DC00279390 /* AwaitingWebSocketsApp.swift */ = {isa = PBXFileReference; lastKnownFileType = sourcecode.swift; path = AwaitingWebSocketsApp.swift; sourceTree = "<group>"; };
		FD2C883A2734A6DC00279390 /* ContentView.swift */ = {isa = PBXFileReference; lastKnownFileType = sourcecode.swift; path = ContentView.swift; sourceTree = "<group>"; };
		FD2C883C2734A6DE00279390 /* Assets.xcassets */ = {isa = PBXFileReference; lastKnownFileType = folder.assetcatalog; path = Assets.xcassets; sourceTree = "<group>"; };
		FD2C883F2734A6DE00279390 /* Preview Assets.xcassets */ = {isa = PBXFileReference; lastKnownFileType = folder.assetcatalog; path = "Preview Assets.xcassets"; sourceTree = "<group>"; };
		FD2C88472734A7A000279390 /* WebSocketStream.swift */ = {isa = PBXFileReference; lastKnownFileType = sourcecode.swift; path = WebSocketStream.swift; sourceTree = "<group>"; };
		FD2C88492734BB7600279390 /* Models.swift */ = {isa = PBXFileReference; lastKnownFileType = sourcecode.swift; path = Models.swift; sourceTree = "<group>"; };
/* End PBXFileReference section */

/* Begin PBXFrameworksBuildPhase section */
		FD2C88322734A6DC00279390 /* Frameworks */ = {
			isa = PBXFrameworksBuildPhase;
			buildActionMask = 2147483647;
			files = (
			);
			runOnlyForDeploymentPostprocessing = 0;
		};
/* End PBXFrameworksBuildPhase section */

/* Begin PBXGroup section */
		FD2C882C2734A6DC00279390 = {
			isa = PBXGroup;
			children = (
				FD2C88372734A6DC00279390 /* AwaitingWebSockets */,
				FD2C88362734A6DC00279390 /* Products */,
			);
			sourceTree = "<group>";
		};
		FD2C88362734A6DC00279390 /* Products */ = {
			isa = PBXGroup;
			children = (
				FD2C88352734A6DC00279390 /* AwaitingWebSockets.app */,
			);
			name = Products;
			sourceTree = "<group>";
		};
		FD2C88372734A6DC00279390 /* AwaitingWebSockets */ = {
			isa = PBXGroup;
			children = (
				FD2C88462734A75300279390 /* Entities */,
				FD2C88382734A6DC00279390 /* AwaitingWebSocketsApp.swift */,
				FD2C883A2734A6DC00279390 /* ContentView.swift */,
				FD2C883C2734A6DE00279390 /* Assets.xcassets */,
				FD2C883E2734A6DE00279390 /* Preview Content */,
			);
			path = AwaitingWebSockets;
			sourceTree = "<group>";
		};
		FD2C883E2734A6DE00279390 /* Preview Content */ = {
			isa = PBXGroup;
			children = (
				FD2C883F2734A6DE00279390 /* Preview Assets.xcassets */,
			);
			path = "Preview Content";
			sourceTree = "<group>";
		};
		FD2C88462734A75300279390 /* Entities */ = {
			isa = PBXGroup;
			children = (
				FD2C88472734A7A000279390 /* WebSocketStream.swift */,
				FD2C88492734BB7600279390 /* Models.swift */,
			);
			path = Entities;
			sourceTree = "<group>";
		};
/* End PBXGroup section */

/* Begin PBXNativeTarget section */
		FD2C88342734A6DC00279390 /* AwaitingWebSockets */ = {
			isa = PBXNativeTarget;
			buildConfigurationList = FD2C88432734A6DE00279390 /* Build configuration list for PBXNativeTarget "AwaitingWebSockets" */;
			buildPhases = (
				FD2C88312734A6DC00279390 /* Sources */,
				FD2C88322734A6DC00279390 /* Frameworks */,
				FD2C88332734A6DC00279390 /* Resources */,
			);
			buildRules = (
			);
			dependencies = (
			);
			name = AwaitingWebSockets;
			productName = AwaitingWebSockets;
			productReference = FD2C88352734A6DC00279390 /* AwaitingWebSockets.app */;
			productType = "com.apple.product-type.application";
		};
/* End PBXNativeTarget section */

/* Begin PBXProject section */
		FD2C882D2734A6DC00279390 /* Project object */ = {
			isa = PBXProject;
			attributes = {
				BuildIndependentTargetsInParallel = 1;
				LastSwiftUpdateCheck = 1310;
				LastUpgradeCheck = 1310;
				TargetAttributes = {
					FD2C88342734A6DC00279390 = {
						CreatedOnToolsVersion = 13.1;
					};
				};
			};
			buildConfigurationList = FD2C88302734A6DC00279390 /* Build configuration list for PBXProject "AwaitingWebSockets" */;
			compatibilityVersion = "Xcode 13.0";
			developmentRegion = en;
			hasScannedForEncodings = 0;
			knownRegions = (
				en,
				Base,
			);
			mainGroup = FD2C882C2734A6DC00279390;
			productRefGroup = FD2C88362734A6DC00279390 /* Products */;
			projectDirPath = "";
			projectRoot = "";
			targets = (
				FD2C88342734A6DC00279390 /* AwaitingWebSockets */,
			);
		};
/* End PBXProject section */

/* Begin PBXResourcesBuildPhase section */
		FD2C88332734A6DC00279390 /* Resources */ = {
			isa = PBXResourcesBuildPhase;
			buildActionMask = 2147483647;
			files = (
				FD2C88402734A6DE00279390 /* Preview Assets.xcassets in Resources */,
				FD2C883D2734A6DE00279390 /* Assets.xcassets in Resources */,
			);
			runOnlyForDeploymentPostprocessing = 0;
		};
/* End PBXResourcesBuildPhase section */

/* Begin PBXSourcesBuildPhase section */
		FD2C88312734A6DC00279390 /* Sources */ = {
			isa = PBXSourcesBuildPhase;
			buildActionMask = 2147483647;
			files = (
				FD2C883B2734A6DC00279390 /* ContentView.swift in Sources */,
				FD2C88482734A7A000279390 /* WebSocketStream.swift in Sources */,
				FD2C88392734A6DC00279390 /* AwaitingWebSocketsApp.swift in Sources */,
				FD2C884A2734BB7600279390 /* Models.swift in Sources */,
			);
			runOnlyForDeploymentPostprocessing = 0;
		};
/* End PBXSourcesBuildPhase section */

/* Begin XCBuildConfiguration section */
		FD2C88412734A6DE00279390 /* Debug */ = {
			isa = XCBuildConfiguration;
			buildSettings = {
				ALWAYS_SEARCH_USER_PATHS = NO;
				CLANG_ANALYZER_NONNULL = YES;
				CLANG_ANALYZER_NUMBER_OBJECT_CONVERSION = YES_AGGRESSIVE;
				CLANG_CXX_LANGUAGE_STANDARD = "gnu++17";
				CLANG_CXX_LIBRARY = "libc++";
				CLANG_ENABLE_MODULES = YES;
				CLANG_ENABLE_OBJC_ARC = YES;
				CLANG_ENABLE_OBJC_WEAK = YES;
				CLANG_WARN_BLOCK_CAPTURE_AUTORELEASING = YES;
				CLANG_WARN_BOOL_CONVERSION = YES;
				CLANG_WARN_COMMA = YES;
				CLANG_WARN_CONSTANT_CONVERSION = YES;
				CLANG_WARN_DEPRECATED_OBJC_IMPLEMENTATIONS = YES;
				CLANG_WARN_DIRECT_OBJC_ISA_USAGE = YES_ERROR;
				CLANG_WARN_DOCUMENTATION_COMMENTS = YES;
				CLANG_WARN_EMPTY_BODY = YES;
				CLANG_WARN_ENUM_CONVERSION = YES;
				CLANG_WARN_INFINITE_RECURSION = YES;
				CLANG_WARN_INT_CONVERSION = YES;
				CLANG_WARN_NON_LITERAL_NULL_CONVERSION = YES;
				CLANG_WARN_OBJC_IMPLICIT_RETAIN_SELF = YES;
				CLANG_WARN_OBJC_LITERAL_CONVERSION = YES;
				CLANG_WARN_OBJC_ROOT_CLASS = YES_ERROR;
				CLANG_WARN_QUOTED_INCLUDE_IN_FRAMEWORK_HEADER = YES;
				CLANG_WARN_RANGE_LOOP_ANALYSIS = YES;
				CLANG_WARN_STRICT_PROTOTYPES = YES;
				CLANG_WARN_SUSPICIOUS_MOVE = YES;
				CLANG_WARN_UNGUARDED_AVAILABILITY = YES_AGGRESSIVE;
				CLANG_WARN_UNREACHABLE_CODE = YES;
				CLANG_WARN__DUPLICATE_METHOD_MATCH = YES;
				COPY_PHASE_STRIP = NO;
				DEBUG_INFORMATION_FORMAT = dwarf;
				ENABLE_STRICT_OBJC_MSGSEND = YES;
				ENABLE_TESTABILITY = YES;
				GCC_C_LANGUAGE_STANDARD = gnu11;
				GCC_DYNAMIC_NO_PIC = NO;
				GCC_NO_COMMON_BLOCKS = YES;
				GCC_OPTIMIZATION_LEVEL = 0;
				GCC_PREPROCESSOR_DEFINITIONS = (
					"DEBUG=1",
					"$(inherited)",
				);
				GCC_WARN_64_TO_32_BIT_CONVERSION = YES;
				GCC_WARN_ABOUT_RETURN_TYPE = YES_ERROR;
				GCC_WARN_UNDECLARED_SELECTOR = YES;
				GCC_WARN_UNINITIALIZED_AUTOS = YES_AGGRESSIVE;
				GCC_WARN_UNUSED_FUNCTION = YES;
				GCC_WARN_UNUSED_VARIABLE = YES;
				IPHONEOS_DEPLOYMENT_TARGET = 15.0;
				MTL_ENABLE_DEBUG_INFO = INCLUDE_SOURCE;
				MTL_FAST_MATH = YES;
				ONLY_ACTIVE_ARCH = YES;
				SDKROOT = iphoneos;
				SWIFT_ACTIVE_COMPILATION_CONDITIONS = DEBUG;
				SWIFT_OPTIMIZATION_LEVEL = "-Onone";
			};
			name = Debug;
		};
		FD2C88422734A6DE00279390 /* Release */ = {
			isa = XCBuildConfiguration;
			buildSettings = {
				ALWAYS_SEARCH_USER_PATHS = NO;
				CLANG_ANALYZER_NONNULL = YES;
				CLANG_ANALYZER_NUMBER_OBJECT_CONVERSION = YES_AGGRESSIVE;
				CLANG_CXX_LANGUAGE_STANDARD = "gnu++17";
				CLANG_CXX_LIBRARY = "libc++";
				CLANG_ENABLE_MODULES = YES;
				CLANG_ENABLE_OBJC_ARC = YES;
				CLANG_ENABLE_OBJC_WEAK = YES;
				CLANG_WARN_BLOCK_CAPTURE_AUTORELEASING = YES;
				CLANG_WARN_BOOL_CONVERSION = YES;
				CLANG_WARN_COMMA = YES;
				CLANG_WARN_CONSTANT_CONVERSION = YES;
				CLANG_WARN_DEPRECATED_OBJC_IMPLEMENTATIONS = YES;
				CLANG_WARN_DIRECT_OBJC_ISA_USAGE = YES_ERROR;
				CLANG_WARN_DOCUMENTATION_COMMENTS = YES;
				CLANG_WARN_EMPTY_BODY = YES;
				CLANG_WARN_ENUM_CONVERSION = YES;
				CLANG_WARN_INFINITE_RECURSION = YES;
				CLANG_WARN_INT_CONVERSION = YES;
				CLANG_WARN_NON_LITERAL_NULL_CONVERSION = YES;
				CLANG_WARN_OBJC_IMPLICIT_RETAIN_SELF = YES;
				CLANG_WARN_OBJC_LITERAL_CONVERSION = YES;
				CLANG_WARN_OBJC_ROOT_CLASS = YES_ERROR;
				CLANG_WARN_QUOTED_INCLUDE_IN_FRAMEWORK_HEADER = YES;
				CLANG_WARN_RANGE_LOOP_ANALYSIS = YES;
				CLANG_WARN_STRICT_PROTOTYPES = YES;
				CLANG_WARN_SUSPICIOUS_MOVE = YES;
				CLANG_WARN_UNGUARDED_AVAILABILITY = YES_AGGRESSIVE;
				CLANG_WARN_UNREACHABLE_CODE = YES;
				CLANG_WARN__DUPLICATE_METHOD_MATCH = YES;
				COPY_PHASE_STRIP = NO;
				DEBUG_INFORMATION_FORMAT = "dwarf-with-dsym";
				ENABLE_NS_ASSERTIONS = NO;
				ENABLE_STRICT_OBJC_MSGSEND = YES;
				GCC_C_LANGUAGE_STANDARD = gnu11;
				GCC_NO_COMMON_BLOCKS = YES;
				GCC_WARN_64_TO_32_BIT_CONVERSION = YES;
				GCC_WARN_ABOUT_RETURN_TYPE = YES_ERROR;
				GCC_WARN_UNDECLARED_SELECTOR = YES;
				GCC_WARN_UNINITIALIZED_AUTOS = YES_AGGRESSIVE;
				GCC_WARN_UNUSED_FUNCTION = YES;
				GCC_WARN_UNUSED_VARIABLE = YES;
				IPHONEOS_DEPLOYMENT_TARGET = 15.0;
				MTL_ENABLE_DEBUG_INFO = NO;
				MTL_FAST_MATH = YES;
				SDKROOT = iphoneos;
				SWIFT_COMPILATION_MODE = wholemodule;
				SWIFT_OPTIMIZATION_LEVEL = "-O";
				VALIDATE_PRODUCT = YES;
			};
			name = Release;
		};
		FD2C88442734A6DE00279390 /* Debug */ = {
			isa = XCBuildConfiguration;
			buildSettings = {
				ASSETCATALOG_COMPILER_APPICON_NAME = AppIcon;
				ASSETCATALOG_COMPILER_GLOBAL_ACCENT_COLOR_NAME = AccentColor;
				CODE_SIGN_STYLE = Automatic;
				CURRENT_PROJECT_VERSION = 1;
				DEVELOPMENT_ASSET_PATHS = "\"AwaitingWebSockets/Preview Content\"";
				DEVELOPMENT_TEAM = DC4UBRJZHJ;
				ENABLE_PREVIEWS = YES;
				GENERATE_INFOPLIST_FILE = YES;
				INFOPLIST_KEY_UIApplicationSceneManifest_Generation = YES;
				INFOPLIST_KEY_UIApplicationSupportsIndirectInputEvents = YES;
				INFOPLIST_KEY_UILaunchScreen_Generation = YES;
				INFOPLIST_KEY_UISupportedInterfaceOrientations_iPad = "UIInterfaceOrientationPortrait UIInterfaceOrientationPortraitUpsideDown UIInterfaceOrientationLandscapeLeft UIInterfaceOrientationLandscapeRight";
				INFOPLIST_KEY_UISupportedInterfaceOrientations_iPhone = "UIInterfaceOrientationPortrait UIInterfaceOrientationLandscapeLeft UIInterfaceOrientationLandscapeRight";
				LD_RUNPATH_SEARCH_PATHS = (
					"$(inherited)",
					"@executable_path/Frameworks",
				);
				MARKETING_VERSION = 1.0;
				PRODUCT_BUNDLE_IDENTIFIER = com.obscuredpixels.AwaitingWebSockets;
				PRODUCT_NAME = "$(TARGET_NAME)";
				SWIFT_EMIT_LOC_STRINGS = YES;
				SWIFT_VERSION = 5.0;
				TARGETED_DEVICE_FAMILY = "1,2";
			};
			name = Debug;
		};
		FD2C88452734A6DE00279390 /* Release */ = {
			isa = XCBuildConfiguration;
			buildSettings = {
				ASSETCATALOG_COMPILER_APPICON_NAME = AppIcon;
				ASSETCATALOG_COMPILER_GLOBAL_ACCENT_COLOR_NAME = AccentColor;
				CODE_SIGN_STYLE = Automatic;
				CURRENT_PROJECT_VERSION = 1;
				DEVELOPMENT_ASSET_PATHS = "\"AwaitingWebSockets/Preview Content\"";
				DEVELOPMENT_TEAM = DC4UBRJZHJ;
				ENABLE_PREVIEWS = YES;
				GENERATE_INFOPLIST_FILE = YES;
				INFOPLIST_KEY_UIApplicationSceneManifest_Generation = YES;
				INFOPLIST_KEY_UIApplicationSupportsIndirectInputEvents = YES;
				INFOPLIST_KEY_UILaunchScreen_Generation = YES;
				INFOPLIST_KEY_UISupportedInterfaceOrientations_iPad = "UIInterfaceOrientationPortrait UIInterfaceOrientationPortraitUpsideDown UIInterfaceOrientationLandscapeLeft UIInterfaceOrientationLandscapeRight";
				INFOPLIST_KEY_UISupportedInterfaceOrientations_iPhone = "UIInterfaceOrientationPortrait UIInterfaceOrientationLandscapeLeft UIInterfaceOrientationLandscapeRight";
				LD_RUNPATH_SEARCH_PATHS = (
					"$(inherited)",
					"@executable_path/Frameworks",
				);
				MARKETING_VERSION = 1.0;
				PRODUCT_BUNDLE_IDENTIFIER = com.obscuredpixels.AwaitingWebSockets;
				PRODUCT_NAME = "$(TARGET_NAME)";
				SWIFT_EMIT_LOC_STRINGS = YES;
				SWIFT_VERSION = 5.0;
				TARGETED_DEVICE_FAMILY = "1,2";
			};
			name = Release;
		};
/* End XCBuildConfiguration section */

/* Begin XCConfigurationList section */
		FD2C88302734A6DC00279390 /* Build configuration list for PBXProject "AwaitingWebSockets" */ = {
			isa = XCConfigurationList;
			buildConfigurations = (
				FD2C88412734A6DE00279390 /* Debug */,
				FD2C88422734A6DE00279390 /* Release */,
			);
			defaultConfigurationIsVisible = 0;
			defaultConfigurationName = Release;
		};
		FD2C88432734A6DE00279390 /* Build configuration list for PBXNativeTarget "AwaitingWebSockets" */ = {
			isa = XCConfigurationList;
			buildConfigurations = (
				FD2C88442734A6DE00279390 /* Debug */,
				FD2C88452734A6DE00279390 /* Release */,
			);
			defaultConfigurationIsVisible = 0;
			defaultConfigurationName = Release;
		};
/* End XCConfigurationList section */
	};
	rootObject = FD2C882D2734A6DC00279390 /* Project object */;
}
